
Microsoft Visual Studio Solution File, Format Version 12.00
# Visual Studio Version 16
VisualStudioVersion = 16.0.31729.503
MinimumVisualStudioVersion = 10.0.40219.1
Project("{FAE04EC0-301F-11D3-BF4B-00C04F79EFBC}") = "TurniTech.RepositoryPattern.Service", "TurniTech.RepositoryPattern\TurniTech.RepositoryPattern.Service.csproj", "{4E5CC1B8-887F-4197-8652-14ABD8ED7D2A}"
EndProject
Global
	GlobalSection(SolutionConfigurationPlatforms) = preSolution
		Debug|Any CPU = Debug|Any CPU
		Release|Any CPU = Release|Any CPU
	EndGlobalSection
	GlobalSection(ProjectConfigurationPlatforms) = postSolution
		{4E5CC1B8-887F-4197-8652-14ABD8ED7D2A}.Debug|Any CPU.ActiveCfg = Debug|Any CPU
		{4E5CC1B8-887F-4197-8652-14ABD8ED7D2A}.Debug|Any CPU.Build.0 = Debug|Any CPU
		{4E5CC1B8-887F-4197-8652-14ABD8ED7D2A}.Release|Any CPU.ActiveCfg = Release|Any CPU
		{4E5CC1B8-887F-4197-8652-14ABD8ED7D2A}.Release|Any CPU.Build.0 = Release|Any CPU
	EndGlobalSection
	GlobalSection(SolutionProperties) = preSolution
		HideSolutionNode = FALSE
	EndGlobalSection
	GlobalSection(ExtensibilityGlobals) = postSolution
		SolutionGuid = {6D8433DF-E5C5-4C18-8014-3CF3BDFEDA2F}
	EndGlobalSection
EndGlobal
