
Microsoft Visual Studio Solution File, Format Version 12.00
# Visual Studio Version 16
VisualStudioVersion = 16.0.31729.503
MinimumVisualStudioVersion = 10.0.40219.1
Project("{9A19103F-16F7-4668-BE54-9A1E7A4F7556}") = "TurniTech.RepositoryPattern.Service", "TurniTech.RepositoryPattern.Service\TurniTech.RepositoryPattern.Service.csproj", "{4E5CC1B8-887F-4197-8652-14ABD8ED7D2A}"
EndProject
Project("{9A19103F-16F7-4668-BE54-9A1E7A4F7556}") = "TurniTech.RepositoryPattern.Data", "TurniTech.RepositoryPattern.Data\TurniTech.RepositoryPattern.Data.csproj", "{D2EA1A29-5B0D-473A-A404-D5D3647ED99B}"
EndProject
Project("{9A19103F-16F7-4668-BE54-9A1E7A4F7556}") = "TurniTech.RepositoryPattern.Business", "TurniTech.RepositoryPattern.Business\TurniTech.RepositoryPattern.Business.csproj", "{0CB105A2-4A9D-49D5-A246-6D5CA4A41B33}"
EndProject
Project("{FAE04EC0-301F-11D3-BF4B-00C04F79EFBC}") = "TurniTech.RepositoryPattern.Models", "TurniTech.RepositoryPattern.Models\TurniTech.RepositoryPattern.Models.csproj", "{A970B55A-4BFD-4ABB-8DE5-9D7D450BD79B}"
EndProject
Project("{FAE04EC0-301F-11D3-BF4B-00C04F79EFBC}") = "TurniTech.RepositoryPattern.Infra", "TurniTech.RepositoryPattern.Infra\TurniTech.RepositoryPattern.Infra.csproj", "{8E60BD97-0A2F-4123-9CA8-19C218A7729A}"
EndProject
Global
	GlobalSection(SolutionConfigurationPlatforms) = preSolution
		Debug|Any CPU = Debug|Any CPU
		Release|Any CPU = Release|Any CPU
	EndGlobalSection
	GlobalSection(ProjectConfigurationPlatforms) = postSolution
		{4E5CC1B8-887F-4197-8652-14ABD8ED7D2A}.Debug|Any CPU.ActiveCfg = Debug|Any CPU
		{4E5CC1B8-887F-4197-8652-14ABD8ED7D2A}.Debug|Any CPU.Build.0 = Debug|Any CPU
		{4E5CC1B8-887F-4197-8652-14ABD8ED7D2A}.Release|Any CPU.ActiveCfg = Release|Any CPU
		{4E5CC1B8-887F-4197-8652-14ABD8ED7D2A}.Release|Any CPU.Build.0 = Release|Any CPU
		{D2EA1A29-5B0D-473A-A404-D5D3647ED99B}.Debug|Any CPU.ActiveCfg = Debug|Any CPU
		{D2EA1A29-5B0D-473A-A404-D5D3647ED99B}.Debug|Any CPU.Build.0 = Debug|Any CPU
		{D2EA1A29-5B0D-473A-A404-D5D3647ED99B}.Release|Any CPU.ActiveCfg = Release|Any CPU
		{D2EA1A29-5B0D-473A-A404-D5D3647ED99B}.Release|Any CPU.Build.0 = Release|Any CPU
		{0CB105A2-4A9D-49D5-A246-6D5CA4A41B33}.Debug|Any CPU.ActiveCfg = Debug|Any CPU
		{0CB105A2-4A9D-49D5-A246-6D5CA4A41B33}.Debug|Any CPU.Build.0 = Debug|Any CPU
		{0CB105A2-4A9D-49D5-A246-6D5CA4A41B33}.Release|Any CPU.ActiveCfg = Release|Any CPU
		{0CB105A2-4A9D-49D5-A246-6D5CA4A41B33}.Release|Any CPU.Build.0 = Release|Any CPU
		{A970B55A-4BFD-4ABB-8DE5-9D7D450BD79B}.Debug|Any CPU.ActiveCfg = Debug|Any CPU
		{A970B55A-4BFD-4ABB-8DE5-9D7D450BD79B}.Debug|Any CPU.Build.0 = Debug|Any CPU
		{A970B55A-4BFD-4ABB-8DE5-9D7D450BD79B}.Release|Any CPU.ActiveCfg = Release|Any CPU
		{A970B55A-4BFD-4ABB-8DE5-9D7D450BD79B}.Release|Any CPU.Build.0 = Release|Any CPU
		{8E60BD97-0A2F-4123-9CA8-19C218A7729A}.Debug|Any CPU.ActiveCfg = Debug|Any CPU
		{8E60BD97-0A2F-4123-9CA8-19C218A7729A}.Debug|Any CPU.Build.0 = Debug|Any CPU
		{8E60BD97-0A2F-4123-9CA8-19C218A7729A}.Release|Any CPU.ActiveCfg = Release|Any CPU
		{8E60BD97-0A2F-4123-9CA8-19C218A7729A}.Release|Any CPU.Build.0 = Release|Any CPU
	EndGlobalSection
	GlobalSection(SolutionProperties) = preSolution
		HideSolutionNode = FALSE
	EndGlobalSection
	GlobalSection(ExtensibilityGlobals) = postSolution
		SolutionGuid = {6D8433DF-E5C5-4C18-8014-3CF3BDFEDA2F}
	EndGlobalSection
EndGlobal
